// !$*UTF8*$!
{
	archiveVersion = 1;
	classes = {
	};
	objectVersion = 45;
	objects = {

/* Begin PBXBuildFile section */
		2C066F9E111752AC00AB755C /* DropView.m in Sources */ = {isa = PBXBuildFile; fileRef = 2C066F9D111752AC00AB755C /* DropView.m */; };
		2C1987841101F1FC00C3A1BD /* FHVImportContext.m in Sources */ = {isa = PBXBuildFile; fileRef = 2C1987831101F1FC00C3A1BD /* FHVImportContext.m */; };
		2C1987AD1101F4E000C3A1BD /* NSString+FHVUtils.m in Sources */ = {isa = PBXBuildFile; fileRef = 2C1987AC1101F4E000C3A1BD /* NSString+FHVUtils.m */; };
		2C2DA4A211441235007DD313 /* NSURL+FHVUtils.m in Sources */ = {isa = PBXBuildFile; fileRef = 2C2DA4A111441235007DD313 /* NSURL+FHVUtils.m */; };
		2C2E10A41103D4A00037769E /* libsqlite3.dylib in Frameworks */ = {isa = PBXBuildFile; fileRef = 2C2E10A31103D4A00037769E /* libsqlite3.dylib */; };
		2C2EF8B41142A74E0020A08C /* RegexKitLite.m in Sources */ = {isa = PBXBuildFile; fileRef = 2C2EF8B31142A74E0020A08C /* RegexKitLite.m */; };
		2C2EF8C71142A8120020A08C /* libicucore.dylib in Frameworks */ = {isa = PBXBuildFile; fileRef = 2C2EF8C61142A8120020A08C /* libicucore.dylib */; };
		2C2EFA0A1142E4B80020A08C /* NSMURLConnection.m in Sources */ = {isa = PBXBuildFile; fileRef = 2C2EFA091142E4B80020A08C /* NSMURLConnection.m */; };
		2C2EFA1A1142E5930020A08C /* YAJL.framework in Frameworks */ = {isa = PBXBuildFile; fileRef = 2C2EFA191142E5930020A08C /* YAJL.framework */; };
		2C2EFA231142E5A50020A08C /* YAJL.framework in CopyFiles */ = {isa = PBXBuildFile; fileRef = 2C2EFA191142E5930020A08C /* YAJL.framework */; };
		2C2EFA941142F0590020A08C /* error.png in Resources */ = {isa = PBXBuildFile; fileRef = 2C2EFA931142F0590020A08C /* error.png */; };
		2C2EFA9B1142F16B0020A08C /* FHVAbstractImportPickerViewController.m in Sources */ = {isa = PBXBuildFile; fileRef = 2C2EFA9A1142F16B0020A08C /* FHVAbstractImportPickerViewController.m */; };
		2C2EFAA11142F3B30020A08C /* FHVLocalImportPickerViewController.m in Sources */ = {isa = PBXBuildFile; fileRef = 2C2EFAA01142F3B30020A08C /* FHVLocalImportPickerViewController.m */; };
		2C2EFAB91142F63E0020A08C /* FHVRemoteImportPickerViewController.m in Sources */ = {isa = PBXBuildFile; fileRef = 2C2EFAB81142F63E0020A08C /* FHVRemoteImportPickerViewController.m */; };
		2C2EFABC1142F6B20020A08C /* FHVPresetsImportPickerViewController.m in Sources */ = {isa = PBXBuildFile; fileRef = 2C2EFABB1142F6B20020A08C /* FHVPresetsImportPickerViewController.m */; };
		2C38EEA71100A36E00B04E4E /* FHVPackageDetailParser.m in Sources */ = {isa = PBXBuildFile; fileRef = 2CF5FB8D0DD5C3780049C53D /* FHVPackageDetailParser.m */; };
		2C38EEE81100AC5700B04E4E /* FHVClassDetailParser.m in Sources */ = {isa = PBXBuildFile; fileRef = 2CF55D490DD6FFAC00FB13C7 /* FHVClassDetailParser.m */; };
		2C38EFB61100D73E00B04E4E /* FHVClassParserOperation.m in Sources */ = {isa = PBXBuildFile; fileRef = 2C38EFB51100D73E00B04E4E /* FHVClassParserOperation.m */; };
		2C469B27113983EB0006E742 /* NSTreeController+NSMAdditions.m in Sources */ = {isa = PBXBuildFile; fileRef = 2C469B26113983EB0006E742 /* NSTreeController+NSMAdditions.m */; };
		2C494BB31139E0A3009DB736 /* index.sql in Resources */ = {isa = PBXBuildFile; fileRef = 2C494B9F1139DE6C009DB736 /* index.sql */; };
		2C494CE7113A0192009DB736 /* NSIndexPath+NSMAdditions.m in Sources */ = {isa = PBXBuildFile; fileRef = 2C494CE6113A0192009DB736 /* NSIndexPath+NSMAdditions.m */; };
		2C53671310B9BC9500D9C0E4 /* styles.css in Resources */ = {isa = PBXBuildFile; fileRef = 2C53671210B9BC9500D9C0E4 /* styles.css */; };
		2C53671810B9BD7600D9C0E4 /* class.html in Resources */ = {isa = PBXBuildFile; fileRef = 2C53671710B9BD7600D9C0E4 /* class.html */; };
		2C53676510B9C38300D9C0E4 /* inherit-arrow.gif in Resources */ = {isa = PBXBuildFile; fileRef = 2C53676410B9C38300D9C0E4 /* inherit-arrow.gif */; };
		2C53681210B9D14600D9C0E4 /* RSVerticallyCenteredTextFieldCell.m in Sources */ = {isa = PBXBuildFile; fileRef = 2C53681110B9D14600D9C0E4 /* RSVerticallyCenteredTextFieldCell.m */; };
		2C5EB63C110E56E700BE8F30 /* BWToolkitFramework.framework in Frameworks */ = {isa = PBXBuildFile; fileRef = 2C5EB63B110E56E700BE8F30 /* BWToolkitFramework.framework */; };
		2C5EB641110E56FB00BE8F30 /* BWToolkitFramework.framework in CopyFiles */ = {isa = PBXBuildFile; fileRef = 2C5EB63B110E56E700BE8F30 /* BWToolkitFramework.framework */; };
		2C63E8D111184EC800B5E938 /* FHVImportWindowController.m in Sources */ = {isa = PBXBuildFile; fileRef = 2C63E8D011184EC800B5E938 /* FHVImportWindowController.m */; };
		2C63E8E01118829900B5E938 /* ImportWindow.xib in Resources */ = {isa = PBXBuildFile; fileRef = 2C63E8DE1118829900B5E938 /* ImportWindow.xib */; };
		2C64D50C11028577008D90E0 /* utils.m in Sources */ = {isa = PBXBuildFile; fileRef = 2C64D50B11028577008D90E0 /* utils.m */; };
		2C6D218D10BC97B3004A6A12 /* HeadlineCell.m in Sources */ = {isa = PBXBuildFile; fileRef = 2C6D218C10BC97B3004A6A12 /* HeadlineCell.m */; };
		2C6D222010BCA4F0004A6A12 /* MultiCellTableColumn.m in Sources */ = {isa = PBXBuildFile; fileRef = 2C6D221F10BCA4F0004A6A12 /* MultiCellTableColumn.m */; };
		2C7E38A110BA1148005B403B /* h2_background.gif in Resources */ = {isa = PBXBuildFile; fileRef = 2C7E38A010BA1148005B403B /* h2_background.gif */; };
		2C8583C91135A80E00D58B15 /* FHVConstants.m in Sources */ = {isa = PBXBuildFile; fileRef = 2C8583C81135A80E00D58B15 /* FHVConstants.m */; };
		2C8584AD1135C36900D58B15 /* NSFileManager+NSMAdditions.m in Sources */ = {isa = PBXBuildFile; fileRef = 2C8584A81135C36900D58B15 /* NSFileManager+NSMAdditions.m */; };
		2C8584AE1135C36900D58B15 /* NSNumber+NSMAdditions.m in Sources */ = {isa = PBXBuildFile; fileRef = 2C8584AA1135C36900D58B15 /* NSNumber+NSMAdditions.m */; };
		2C8584AF1135C36900D58B15 /* NSString+NSMAdditions.m in Sources */ = {isa = PBXBuildFile; fileRef = 2C8584AC1135C36900D58B15 /* NSString+NSMAdditions.m */; };
		2C85E66C1107E19F001920A7 /* method.png in Resources */ = {isa = PBXBuildFile; fileRef = 2C85E66B1107E19F001920A7 /* method.png */; };
		2C85E6AA1107E585001920A7 /* class.png in Resources */ = {isa = PBXBuildFile; fileRef = 2C85E6A31107E585001920A7 /* class.png */; };
		2C85E6AB1107E585001920A7 /* constant.png in Resources */ = {isa = PBXBuildFile; fileRef = 2C85E6A41107E585001920A7 /* constant.png */; };
		2C85E6AC1107E585001920A7 /* event.png in Resources */ = {isa = PBXBuildFile; fileRef = 2C85E6A51107E585001920A7 /* event.png */; };
		2C85E6AD1107E585001920A7 /* function.png in Resources */ = {isa = PBXBuildFile; fileRef = 2C85E6A61107E585001920A7 /* function.png */; };
		2C85E6AE1107E585001920A7 /* interface.png in Resources */ = {isa = PBXBuildFile; fileRef = 2C85E6A71107E585001920A7 /* interface.png */; };
		2C85E6AF1107E585001920A7 /* package.png in Resources */ = {isa = PBXBuildFile; fileRef = 2C85E6A81107E585001920A7 /* package.png */; };
		2C85E6B01107E585001920A7 /* property.png in Resources */ = {isa = PBXBuildFile; fileRef = 2C85E6A91107E585001920A7 /* property.png */; };
		2C8DC60E10FFF5D000DA41C9 /* FHVPackageSummaryParser.m in Sources */ = {isa = PBXBuildFile; fileRef = 2CFCB4510DD4F4FB0090049E /* FHVPackageSummaryParser.m */; };
		2C910165110646790031698D /* FHVDocSet.m in Sources */ = {isa = PBXBuildFile; fileRef = 2C910164110646790031698D /* FHVDocSet.m */; };
		2C910259110659C60031698D /* FHVMainWindowController.m in Sources */ = {isa = PBXBuildFile; fileRef = 2C910258110659C60031698D /* FHVMainWindowController.m */; };
		2C91025E11065A100031698D /* MainWindow.xib in Resources */ = {isa = PBXBuildFile; fileRef = 2C91025C11065A100031698D /* MainWindow.xib */; };
		2C9102D1110664F90031698D /* FHVDocSetModel.m in Sources */ = {isa = PBXBuildFile; fileRef = 2C9102D0110664F90031698D /* FHVDocSetModel.m */; };
		2C98287F113D8B9D00D97695 /* Sparkle.framework in Frameworks */ = {isa = PBXBuildFile; fileRef = 2C98287E113D8B9D00D97695 /* Sparkle.framework */; };
		2C98288A113D8BAA00D97695 /* Sparkle.framework in CopyFiles */ = {isa = PBXBuildFile; fileRef = 2C98287E113D8B9D00D97695 /* Sparkle.framework */; };
		2C9828B1113D8BE900D97695 /* dsa_pub.pem in Resources */ = {isa = PBXBuildFile; fileRef = 2C9828B0113D8BE900D97695 /* dsa_pub.pem */; };
		2CAE7DF6110A149700D5767F /* FHVNiceIndentationOutlineView.m in Sources */ = {isa = PBXBuildFile; fileRef = 2CAE7DF5110A149700D5767F /* FHVNiceIndentationOutlineView.m */; };
		2CAE7E83110A2FFF00D5767F /* FHVSearchWorker.m in Sources */ = {isa = PBXBuildFile; fileRef = 2CAE7E82110A2FFF00D5767F /* FHVSearchWorker.m */; };
		2CB33D40110B3ADC00A7C238 /* Filterbar.m in Sources */ = {isa = PBXBuildFile; fileRef = 2CB33D3A110B3ADC00A7C238 /* Filterbar.m */; };
		2CB33D41110B3ADC00A7C238 /* FilterbarGroup.m in Sources */ = {isa = PBXBuildFile; fileRef = 2CB33D3D110B3ADC00A7C238 /* FilterbarGroup.m */; };
		2CB33D42110B3ADC00A7C238 /* FilterbarGroupItem.m in Sources */ = {isa = PBXBuildFile; fileRef = 2CB33D3F110B3ADC00A7C238 /* FilterbarGroupItem.m */; };
		2CBDCDB1113EE5C800FB4C23 /* FHVUpdatePreferencesViewController.m in Sources */ = {isa = PBXBuildFile; fileRef = 2CBDCDB0113EE5C800FB4C23 /* FHVUpdatePreferencesViewController.m */; };
		2CBDCDC1113EE63700FB4C23 /* NSDate+NSMAdditions.m in Sources */ = {isa = PBXBuildFile; fileRef = 2CBDCDC0113EE63700FB4C23 /* NSDate+NSMAdditions.m */; };
		2CBDCDCE113EE6B700FB4C23 /* UpdatePreferences.xib in Resources */ = {isa = PBXBuildFile; fileRef = 2CBDCDCC113EE6B700FB4C23 /* UpdatePreferences.xib */; };
		2CBDCDD2113EE71300FB4C23 /* NSMPreferencesWindowController.m in Sources */ = {isa = PBXBuildFile; fileRef = 2CBDCDD1113EE71300FB4C23 /* NSMPreferencesWindowController.m */; };
		2CBDCDE4113EE7C100FB4C23 /* reload.tiff in Resources */ = {isa = PBXBuildFile; fileRef = 2CBDCDE3113EE7C100FB4C23 /* reload.tiff */; };
		2CCFC17F110500590019F014 /* schema.sql in Resources */ = {isa = PBXBuildFile; fileRef = 2CCFC17E110500590019F014 /* schema.sql */; };
		2CCFC1B2110512990019F014 /* FHVSQLiteImporter.m in Sources */ = {isa = PBXBuildFile; fileRef = 2CCFC1B1110512990019F014 /* FHVSQLiteImporter.m */; };
		2CE1FA31113732A600CB120C /* NSWindow+NSMAdditions.m in Sources */ = {isa = PBXBuildFile; fileRef = 2CE1FA30113732A600CB120C /* NSWindow+NSMAdditions.m */; };
		2CE366111108B6FD00F582E9 /* ImageAndTextCell.m in Sources */ = {isa = PBXBuildFile; fileRef = 2CE366101108B6FD00F582E9 /* ImageAndTextCell.m */; };
		2CEE304B0DD65FC700CC762E /* WebKit.framework in Frameworks */ = {isa = PBXBuildFile; fileRef = 2CEE304A0DD65FC700CC762E /* WebKit.framework */; };
		2CEE30BA0DD6698100CC762E /* NodeClassToIconTransformer.m in Sources */ = {isa = PBXBuildFile; fileRef = 2CEE30B90DD6698100CC762E /* NodeClassToIconTransformer.m */; };
		2CEFC3CC0DDF3B3100F92DC6 /* FHVAppDelegate.m in Sources */ = {isa = PBXBuildFile; fileRef = 2CEFC3CB0DDF3B3100F92DC6 /* FHVAppDelegate.m */; };
		2CF5FB860DD5BCB40049C53D /* FHVDocParser.m in Sources */ = {isa = PBXBuildFile; fileRef = 2CF5FB850DD5BCB40049C53D /* FHVDocParser.m */; };
		2CFCB7BE0DD52CDA0090049E /* FHVAbstractXMLTreeParser.m in Sources */ = {isa = PBXBuildFile; fileRef = 2CFCB7BD0DD52CDA0090049E /* FHVAbstractXMLTreeParser.m */; };
		8D11072A0486CEB800E47090 /* MainMenu.nib in Resources */ = {isa = PBXBuildFile; fileRef = 29B97318FDCFA39411CA2CEA /* MainMenu.nib */; };
		8D11072B0486CEB800E47090 /* InfoPlist.strings in Resources */ = {isa = PBXBuildFile; fileRef = 089C165CFE840E0CC02AAC07 /* InfoPlist.strings */; };
		8D11072D0486CEB800E47090 /* main.m in Sources */ = {isa = PBXBuildFile; fileRef = 29B97316FDCFA39411CA2CEA /* main.m */; settings = {ATTRIBUTES = (); }; };
		8D11072F0486CEB800E47090 /* Cocoa.framework in Frameworks */ = {isa = PBXBuildFile; fileRef = 1058C7A1FEA54F0111CA2CBB /* Cocoa.framework */; };
/* End PBXBuildFile section */

/* Begin PBXCopyFilesBuildPhase section */
		2C5EB659110E571B00BE8F30 /* CopyFiles */ = {
			isa = PBXCopyFilesBuildPhase;
			buildActionMask = 2147483647;
			dstPath = "";
			dstSubfolderSpec = 10;
			files = (
				2C2EFA231142E5A50020A08C /* YAJL.framework in CopyFiles */,
				2C98288A113D8BAA00D97695 /* Sparkle.framework in CopyFiles */,
				2C5EB641110E56FB00BE8F30 /* BWToolkitFramework.framework in CopyFiles */,
			);
			runOnlyForDeploymentPostprocessing = 0;
		};
/* End PBXCopyFilesBuildPhase section */

/* Begin PBXFileReference section */
		089C165DFE840E0CC02AAC07 /* English */ = {isa = PBXFileReference; fileEncoding = 10; lastKnownFileType = text.plist.strings; name = English; path = English.lproj/InfoPlist.strings; sourceTree = "<group>"; };
		1058C7A1FEA54F0111CA2CBB /* Cocoa.framework */ = {isa = PBXFileReference; lastKnownFileType = wrapper.framework; name = Cocoa.framework; path = /System/Library/Frameworks/Cocoa.framework; sourceTree = "<absolute>"; };
		13E42FB307B3F0F600E4EEF1 /* CoreData.framework */ = {isa = PBXFileReference; lastKnownFileType = wrapper.framework; name = CoreData.framework; path = /System/Library/Frameworks/CoreData.framework; sourceTree = "<absolute>"; };
		29B97316FDCFA39411CA2CEA /* main.m */ = {isa = PBXFileReference; fileEncoding = 4; lastKnownFileType = sourcecode.c.objc; path = main.m; sourceTree = "<group>"; };
		29B97319FDCFA39411CA2CEA /* English */ = {isa = PBXFileReference; lastKnownFileType = wrapper.nib; name = English; path = English.lproj/MainMenu.nib; sourceTree = "<group>"; };
		29B97324FDCFA39411CA2CEA /* AppKit.framework */ = {isa = PBXFileReference; lastKnownFileType = wrapper.framework; name = AppKit.framework; path = /System/Library/Frameworks/AppKit.framework; sourceTree = "<absolute>"; };
		29B97325FDCFA39411CA2CEA /* Foundation.framework */ = {isa = PBXFileReference; lastKnownFileType = wrapper.framework; name = Foundation.framework; path = /System/Library/Frameworks/Foundation.framework; sourceTree = "<absolute>"; };
		2C066F9C111752AC00AB755C /* DropView.h */ = {isa = PBXFileReference; fileEncoding = 4; lastKnownFileType = sourcecode.c.h; name = DropView.h; path = ../../4_AS3_Parser/project/DropView.h; sourceTree = SOURCE_ROOT; };
		2C066F9D111752AC00AB755C /* DropView.m */ = {isa = PBXFileReference; fileEncoding = 4; lastKnownFileType = sourcecode.c.objc; name = DropView.m; path = ../../4_AS3_Parser/project/DropView.m; sourceTree = SOURCE_ROOT; };
		2C1987821101F1FC00C3A1BD /* FHVImportContext.h */ = {isa = PBXFileReference; fileEncoding = 4; lastKnownFileType = sourcecode.c.h; path = FHVImportContext.h; sourceTree = "<group>"; };
		2C1987831101F1FC00C3A1BD /* FHVImportContext.m */ = {isa = PBXFileReference; fileEncoding = 4; lastKnownFileType = sourcecode.c.objc; path = FHVImportContext.m; sourceTree = "<group>"; };
		2C1987AB1101F4E000C3A1BD /* NSString+FHVUtils.h */ = {isa = PBXFileReference; fileEncoding = 4; lastKnownFileType = sourcecode.c.h; name = "NSString+FHVUtils.h"; path = "parser/NSString+FHVUtils.h"; sourceTree = "<group>"; };
		2C1987AC1101F4E000C3A1BD /* NSString+FHVUtils.m */ = {isa = PBXFileReference; fileEncoding = 4; lastKnownFileType = sourcecode.c.objc; name = "NSString+FHVUtils.m"; path = "parser/NSString+FHVUtils.m"; sourceTree = "<group>"; };
		2C2DA4A011441235007DD313 /* NSURL+FHVUtils.h */ = {isa = PBXFileReference; fileEncoding = 4; lastKnownFileType = sourcecode.c.h; path = "NSURL+FHVUtils.h"; sourceTree = "<group>"; };
		2C2DA4A111441235007DD313 /* NSURL+FHVUtils.m */ = {isa = PBXFileReference; fileEncoding = 4; lastKnownFileType = sourcecode.c.objc; path = "NSURL+FHVUtils.m"; sourceTree = "<group>"; };
		2C2E10A31103D4A00037769E /* libsqlite3.dylib */ = {isa = PBXFileReference; lastKnownFileType = "compiled.mach-o.dylib"; name = libsqlite3.dylib; path = /usr/lib/libsqlite3.dylib; sourceTree = "<absolute>"; };
		2C2EF8B21142A74E0020A08C /* RegexKitLite.h */ = {isa = PBXFileReference; fileEncoding = 4; lastKnownFileType = sourcecode.c.h; path = RegexKitLite.h; sourceTree = "<group>"; };
		2C2EF8B31142A74E0020A08C /* RegexKitLite.m */ = {isa = PBXFileReference; fileEncoding = 4; lastKnownFileType = sourcecode.c.objc; path = RegexKitLite.m; sourceTree = "<group>"; };
		2C2EF8C61142A8120020A08C /* libicucore.dylib */ = {isa = PBXFileReference; lastKnownFileType = "compiled.mach-o.dylib"; name = libicucore.dylib; path = usr/lib/libicucore.dylib; sourceTree = SDKROOT; };
		2C2EFA081142E4B80020A08C /* NSMURLConnection.h */ = {isa = PBXFileReference; fileEncoding = 4; lastKnownFileType = sourcecode.c.h; path = NSMURLConnection.h; sourceTree = "<group>"; };
		2C2EFA091142E4B80020A08C /* NSMURLConnection.m */ = {isa = PBXFileReference; fileEncoding = 4; lastKnownFileType = sourcecode.c.objc; path = NSMURLConnection.m; sourceTree = "<group>"; };
		2C2EFA191142E5930020A08C /* YAJL.framework */ = {isa = PBXFileReference; lastKnownFileType = wrapper.framework; name = YAJL.framework; path = Frameworks/YAJL.framework; sourceTree = "<group>"; };
		2C2EFA931142F0590020A08C /* error.png */ = {isa = PBXFileReference; lastKnownFileType = image.png; name = error.png; path = assets/error.png; sourceTree = "<group>"; };
		2C2EFA991142F16B0020A08C /* FHVAbstractImportPickerViewController.h */ = {isa = PBXFileReference; fileEncoding = 4; lastKnownFileType = sourcecode.c.h; path = FHVAbstractImportPickerViewController.h; sourceTree = "<group>"; };
		2C2EFA9A1142F16B0020A08C /* FHVAbstractImportPickerViewController.m */ = {isa = PBXFileReference; fileEncoding = 4; lastKnownFileType = sourcecode.c.objc; path = FHVAbstractImportPickerViewController.m; sourceTree = "<group>"; };
		2C2EFA9F1142F3B30020A08C /* FHVLocalImportPickerViewController.h */ = {isa = PBXFileReference; fileEncoding = 4; lastKnownFileType = sourcecode.c.h; path = FHVLocalImportPickerViewController.h; sourceTree = "<group>"; };
		2C2EFAA01142F3B30020A08C /* FHVLocalImportPickerViewController.m */ = {isa = PBXFileReference; fileEncoding = 4; lastKnownFileType = sourcecode.c.objc; path = FHVLocalImportPickerViewController.m; sourceTree = "<group>"; };
		2C2EFAB71142F63E0020A08C /* FHVRemoteImportPickerViewController.h */ = {isa = PBXFileReference; fileEncoding = 4; lastKnownFileType = sourcecode.c.h; path = FHVRemoteImportPickerViewController.h; sourceTree = "<group>"; };
		2C2EFAB81142F63E0020A08C /* FHVRemoteImportPickerViewController.m */ = {isa = PBXFileReference; fileEncoding = 4; lastKnownFileType = sourcecode.c.objc; path = FHVRemoteImportPickerViewController.m; sourceTree = "<group>"; };
		2C2EFABA1142F6B20020A08C /* FHVPresetsImportPickerViewController.h */ = {isa = PBXFileReference; fileEncoding = 4; lastKnownFileType = sourcecode.c.h; path = FHVPresetsImportPickerViewController.h; sourceTree = "<group>"; };
		2C2EFABB1142F6B20020A08C /* FHVPresetsImportPickerViewController.m */ = {isa = PBXFileReference; fileEncoding = 4; lastKnownFileType = sourcecode.c.objc; path = FHVPresetsImportPickerViewController.m; sourceTree = "<group>"; };
		2C38EFB41100D73E00B04E4E /* FHVClassParserOperation.h */ = {isa = PBXFileReference; fileEncoding = 4; lastKnownFileType = sourcecode.c.h; path = FHVClassParserOperation.h; sourceTree = "<group>"; };
		2C38EFB51100D73E00B04E4E /* FHVClassParserOperation.m */ = {isa = PBXFileReference; fileEncoding = 4; lastKnownFileType = sourcecode.c.objc; path = FHVClassParserOperation.m; sourceTree = "<group>"; };
		2C469B25113983EA0006E742 /* NSTreeController+NSMAdditions.h */ = {isa = PBXFileReference; fileEncoding = 4; lastKnownFileType = sourcecode.c.h; path = "NSTreeController+NSMAdditions.h"; sourceTree = "<group>"; };
		2C469B26113983EB0006E742 /* NSTreeController+NSMAdditions.m */ = {isa = PBXFileReference; fileEncoding = 4; lastKnownFileType = sourcecode.c.objc; path = "NSTreeController+NSMAdditions.m"; sourceTree = "<group>"; };
		2C494B9F1139DE6C009DB736 /* index.sql */ = {isa = PBXFileReference; fileEncoding = 4; lastKnownFileType = text; path = index.sql; sourceTree = "<group>"; };
		2C494CE5113A0192009DB736 /* NSIndexPath+NSMAdditions.h */ = {isa = PBXFileReference; fileEncoding = 4; lastKnownFileType = sourcecode.c.h; path = "NSIndexPath+NSMAdditions.h"; sourceTree = "<group>"; };
		2C494CE6113A0192009DB736 /* NSIndexPath+NSMAdditions.m */ = {isa = PBXFileReference; fileEncoding = 4; lastKnownFileType = sourcecode.c.objc; path = "NSIndexPath+NSMAdditions.m"; sourceTree = "<group>"; };
		2C53671210B9BC9500D9C0E4 /* styles.css */ = {isa = PBXFileReference; fileEncoding = 4; lastKnownFileType = text.css; path = styles.css; sourceTree = "<group>"; };
		2C53671710B9BD7600D9C0E4 /* class.html */ = {isa = PBXFileReference; fileEncoding = 4; lastKnownFileType = text.html; path = class.html; sourceTree = "<group>"; };
		2C53676410B9C38300D9C0E4 /* inherit-arrow.gif */ = {isa = PBXFileReference; lastKnownFileType = image.gif; path = "inherit-arrow.gif"; sourceTree = "<group>"; };
		2C53681010B9D14600D9C0E4 /* RSVerticallyCenteredTextFieldCell.h */ = {isa = PBXFileReference; fileEncoding = 4; lastKnownFileType = sourcecode.c.h; path = RSVerticallyCenteredTextFieldCell.h; sourceTree = "<group>"; };
		2C53681110B9D14600D9C0E4 /* RSVerticallyCenteredTextFieldCell.m */ = {isa = PBXFileReference; fileEncoding = 4; lastKnownFileType = sourcecode.c.objc; path = RSVerticallyCenteredTextFieldCell.m; sourceTree = "<group>"; };
		2C5EB63B110E56E700BE8F30 /* BWToolkitFramework.framework */ = {isa = PBXFileReference; lastKnownFileType = wrapper.framework; name = BWToolkitFramework.framework; path = /Users/mb/Library/Frameworks/BWToolkitFramework.framework; sourceTree = "<absolute>"; };
		2C63E8CF11184EC800B5E938 /* FHVImportWindowController.h */ = {isa = PBXFileReference; fileEncoding = 4; lastKnownFileType = sourcecode.c.h; path = FHVImportWindowController.h; sourceTree = "<group>"; };
		2C63E8D011184EC800B5E938 /* FHVImportWindowController.m */ = {isa = PBXFileReference; fileEncoding = 4; lastKnownFileType = sourcecode.c.objc; path = FHVImportWindowController.m; sourceTree = "<group>"; };
		2C63E8DF1118829900B5E938 /* English */ = {isa = PBXFileReference; lastKnownFileType = file.xib; name = English; path = English.lproj/ImportWindow.xib; sourceTree = "<group>"; };
		2C64D50A11028577008D90E0 /* utils.h */ = {isa = PBXFileReference; fileEncoding = 4; lastKnownFileType = sourcecode.c.h; path = utils.h; sourceTree = "<group>"; };
		2C64D50B11028577008D90E0 /* utils.m */ = {isa = PBXFileReference; fileEncoding = 4; lastKnownFileType = sourcecode.c.objc; path = utils.m; sourceTree = "<group>"; };
		2C6D218B10BC97B3004A6A12 /* HeadlineCell.h */ = {isa = PBXFileReference; fileEncoding = 4; lastKnownFileType = sourcecode.c.h; path = HeadlineCell.h; sourceTree = "<group>"; };
		2C6D218C10BC97B3004A6A12 /* HeadlineCell.m */ = {isa = PBXFileReference; fileEncoding = 4; lastKnownFileType = sourcecode.c.objc; path = HeadlineCell.m; sourceTree = "<group>"; };
		2C6D221E10BCA4F0004A6A12 /* MultiCellTableColumn.h */ = {isa = PBXFileReference; fileEncoding = 4; lastKnownFileType = sourcecode.c.h; path = MultiCellTableColumn.h; sourceTree = "<group>"; };
		2C6D221F10BCA4F0004A6A12 /* MultiCellTableColumn.m */ = {isa = PBXFileReference; fileEncoding = 4; lastKnownFileType = sourcecode.c.objc; path = MultiCellTableColumn.m; sourceTree = "<group>"; };
		2C7E38A010BA1148005B403B /* h2_background.gif */ = {isa = PBXFileReference; lastKnownFileType = image.gif; path = h2_background.gif; sourceTree = "<group>"; };
		2C8583B31135A58400D58B15 /* FHVConstants.h */ = {isa = PBXFileReference; fileEncoding = 4; lastKnownFileType = sourcecode.c.h; path = FHVConstants.h; sourceTree = "<group>"; };
		2C8583C81135A80E00D58B15 /* FHVConstants.m */ = {isa = PBXFileReference; fileEncoding = 4; lastKnownFileType = sourcecode.c.objc; path = FHVConstants.m; sourceTree = "<group>"; };
		2C8584A71135C36900D58B15 /* NSFileManager+NSMAdditions.h */ = {isa = PBXFileReference; fileEncoding = 4; lastKnownFileType = sourcecode.c.h; path = "NSFileManager+NSMAdditions.h"; sourceTree = "<group>"; };
		2C8584A81135C36900D58B15 /* NSFileManager+NSMAdditions.m */ = {isa = PBXFileReference; fileEncoding = 4; lastKnownFileType = sourcecode.c.objc; path = "NSFileManager+NSMAdditions.m"; sourceTree = "<group>"; };
		2C8584A91135C36900D58B15 /* NSNumber+NSMAdditions.h */ = {isa = PBXFileReference; fileEncoding = 4; lastKnownFileType = sourcecode.c.h; path = "NSNumber+NSMAdditions.h"; sourceTree = "<group>"; };
		2C8584AA1135C36900D58B15 /* NSNumber+NSMAdditions.m */ = {isa = PBXFileReference; fileEncoding = 4; lastKnownFileType = sourcecode.c.objc; path = "NSNumber+NSMAdditions.m"; sourceTree = "<group>"; };
		2C8584AB1135C36900D58B15 /* NSString+NSMAdditions.h */ = {isa = PBXFileReference; fileEncoding = 4; lastKnownFileType = sourcecode.c.h; path = "NSString+NSMAdditions.h"; sourceTree = "<group>"; };
		2C8584AC1135C36900D58B15 /* NSString+NSMAdditions.m */ = {isa = PBXFileReference; fileEncoding = 4; lastKnownFileType = sourcecode.c.objc; path = "NSString+NSMAdditions.m"; sourceTree = "<group>"; };
		2C85E66B1107E19F001920A7 /* method.png */ = {isa = PBXFileReference; lastKnownFileType = image.png; path = method.png; sourceTree = "<group>"; };
		2C85E6A31107E585001920A7 /* class.png */ = {isa = PBXFileReference; lastKnownFileType = image.png; path = class.png; sourceTree = "<group>"; };
		2C85E6A41107E585001920A7 /* constant.png */ = {isa = PBXFileReference; lastKnownFileType = image.png; path = constant.png; sourceTree = "<group>"; };
		2C85E6A51107E585001920A7 /* event.png */ = {isa = PBXFileReference; lastKnownFileType = image.png; path = event.png; sourceTree = "<group>"; };
		2C85E6A61107E585001920A7 /* function.png */ = {isa = PBXFileReference; lastKnownFileType = image.png; path = function.png; sourceTree = "<group>"; };
		2C85E6A71107E585001920A7 /* interface.png */ = {isa = PBXFileReference; lastKnownFileType = image.png; path = interface.png; sourceTree = "<group>"; };
		2C85E6A81107E585001920A7 /* package.png */ = {isa = PBXFileReference; lastKnownFileType = image.png; path = package.png; sourceTree = "<group>"; };
		2C85E6A91107E585001920A7 /* property.png */ = {isa = PBXFileReference; lastKnownFileType = image.png; path = property.png; sourceTree = "<group>"; };
		2C910163110646790031698D /* FHVDocSet.h */ = {isa = PBXFileReference; fileEncoding = 4; lastKnownFileType = sourcecode.c.h; path = FHVDocSet.h; sourceTree = "<group>"; };
		2C910164110646790031698D /* FHVDocSet.m */ = {isa = PBXFileReference; fileEncoding = 4; lastKnownFileType = sourcecode.c.objc; path = FHVDocSet.m; sourceTree = "<group>"; };
		2C910257110659C60031698D /* FHVMainWindowController.h */ = {isa = PBXFileReference; fileEncoding = 4; lastKnownFileType = sourcecode.c.h; path = FHVMainWindowController.h; sourceTree = "<group>"; };
		2C910258110659C60031698D /* FHVMainWindowController.m */ = {isa = PBXFileReference; fileEncoding = 4; lastKnownFileType = sourcecode.c.objc; path = FHVMainWindowController.m; sourceTree = "<group>"; };
		2C91025D11065A100031698D /* English */ = {isa = PBXFileReference; lastKnownFileType = file.xib; name = English; path = English.lproj/MainWindow.xib; sourceTree = "<group>"; };
		2C9102CF110664F90031698D /* FHVDocSetModel.h */ = {isa = PBXFileReference; fileEncoding = 4; lastKnownFileType = sourcecode.c.h; path = FHVDocSetModel.h; sourceTree = "<group>"; };
		2C9102D0110664F90031698D /* FHVDocSetModel.m */ = {isa = PBXFileReference; fileEncoding = 4; lastKnownFileType = sourcecode.c.objc; path = FHVDocSetModel.m; sourceTree = "<group>"; };
		2C98287E113D8B9D00D97695 /* Sparkle.framework */ = {isa = PBXFileReference; lastKnownFileType = wrapper.framework; name = Sparkle.framework; path = Frameworks/Sparkle.framework; sourceTree = "<group>"; };
		2C9828B0113D8BE900D97695 /* dsa_pub.pem */ = {isa = PBXFileReference; fileEncoding = 4; lastKnownFileType = text; name = dsa_pub.pem; path = Resources/dsa_pub.pem; sourceTree = "<group>"; };
		2CAE7DF4110A149700D5767F /* FHVNiceIndentationOutlineView.h */ = {isa = PBXFileReference; fileEncoding = 4; lastKnownFileType = sourcecode.c.h; path = FHVNiceIndentationOutlineView.h; sourceTree = "<group>"; };
		2CAE7DF5110A149700D5767F /* FHVNiceIndentationOutlineView.m */ = {isa = PBXFileReference; fileEncoding = 4; lastKnownFileType = sourcecode.c.objc; path = FHVNiceIndentationOutlineView.m; sourceTree = "<group>"; };
		2CAE7E81110A2FFF00D5767F /* FHVSearchWorker.h */ = {isa = PBXFileReference; fileEncoding = 4; lastKnownFileType = sourcecode.c.h; path = FHVSearchWorker.h; sourceTree = "<group>"; };
		2CAE7E82110A2FFF00D5767F /* FHVSearchWorker.m */ = {isa = PBXFileReference; fileEncoding = 4; lastKnownFileType = sourcecode.c.objc; path = FHVSearchWorker.m; sourceTree = "<group>"; };
		2CB33D39110B3ADC00A7C238 /* Filterbar.h */ = {isa = PBXFileReference; fileEncoding = 4; lastKnownFileType = sourcecode.c.h; path = Filterbar.h; sourceTree = "<group>"; };
		2CB33D3A110B3ADC00A7C238 /* Filterbar.m */ = {isa = PBXFileReference; fileEncoding = 4; lastKnownFileType = sourcecode.c.objc; path = Filterbar.m; sourceTree = "<group>"; };
		2CB33D3B110B3ADC00A7C238 /* FilterbarDelegate.h */ = {isa = PBXFileReference; fileEncoding = 4; lastKnownFileType = sourcecode.c.h; path = FilterbarDelegate.h; sourceTree = "<group>"; };
		2CB33D3C110B3ADC00A7C238 /* FilterbarGroup.h */ = {isa = PBXFileReference; fileEncoding = 4; lastKnownFileType = sourcecode.c.h; path = FilterbarGroup.h; sourceTree = "<group>"; };
		2CB33D3D110B3ADC00A7C238 /* FilterbarGroup.m */ = {isa = PBXFileReference; fileEncoding = 4; lastKnownFileType = sourcecode.c.objc; path = FilterbarGroup.m; sourceTree = "<group>"; };
		2CB33D3E110B3ADC00A7C238 /* FilterbarGroupItem.h */ = {isa = PBXFileReference; fileEncoding = 4; lastKnownFileType = sourcecode.c.h; path = FilterbarGroupItem.h; sourceTree = "<group>"; };
		2CB33D3F110B3ADC00A7C238 /* FilterbarGroupItem.m */ = {isa = PBXFileReference; fileEncoding = 4; lastKnownFileType = sourcecode.c.objc; path = FilterbarGroupItem.m; sourceTree = "<group>"; };
		2CBDCDAF113EE5C800FB4C23 /* FHVUpdatePreferencesViewController.h */ = {isa = PBXFileReference; fileEncoding = 4; lastKnownFileType = sourcecode.c.h; path = FHVUpdatePreferencesViewController.h; sourceTree = "<group>"; };
		2CBDCDB0113EE5C800FB4C23 /* FHVUpdatePreferencesViewController.m */ = {isa = PBXFileReference; fileEncoding = 4; lastKnownFileType = sourcecode.c.objc; path = FHVUpdatePreferencesViewController.m; sourceTree = "<group>"; };
		2CBDCDBF113EE63700FB4C23 /* NSDate+NSMAdditions.h */ = {isa = PBXFileReference; fileEncoding = 4; lastKnownFileType = sourcecode.c.h; path = "NSDate+NSMAdditions.h"; sourceTree = "<group>"; };
		2CBDCDC0113EE63700FB4C23 /* NSDate+NSMAdditions.m */ = {isa = PBXFileReference; fileEncoding = 4; lastKnownFileType = sourcecode.c.objc; path = "NSDate+NSMAdditions.m"; sourceTree = "<group>"; };
		2CBDCDCD113EE6B700FB4C23 /* English */ = {isa = PBXFileReference; lastKnownFileType = file.xib; name = English; path = English.lproj/UpdatePreferences.xib; sourceTree = "<group>"; };
		2CBDCDD0113EE71300FB4C23 /* NSMPreferencesWindowController.h */ = {isa = PBXFileReference; fileEncoding = 4; lastKnownFileType = sourcecode.c.h; path = NSMPreferencesWindowController.h; sourceTree = "<group>"; };
		2CBDCDD1113EE71300FB4C23 /* NSMPreferencesWindowController.m */ = {isa = PBXFileReference; fileEncoding = 4; lastKnownFileType = sourcecode.c.objc; path = NSMPreferencesWindowController.m; sourceTree = "<group>"; };
		2CBDCDE3113EE7C100FB4C23 /* reload.tiff */ = {isa = PBXFileReference; lastKnownFileType = image.tiff; path = reload.tiff; sourceTree = "<group>"; };
		2CCFC17E110500590019F014 /* schema.sql */ = {isa = PBXFileReference; fileEncoding = 4; lastKnownFileType = text; name = schema.sql; path = Resources/schema.sql; sourceTree = "<group>"; };
		2CCFC1B0110512990019F014 /* FHVSQLiteImporter.h */ = {isa = PBXFileReference; fileEncoding = 4; lastKnownFileType = sourcecode.c.h; path = FHVSQLiteImporter.h; sourceTree = "<group>"; };
		2CCFC1B1110512990019F014 /* FHVSQLiteImporter.m */ = {isa = PBXFileReference; fileEncoding = 4; lastKnownFileType = sourcecode.c.objc; path = FHVSQLiteImporter.m; sourceTree = "<group>"; };
		2CE1F991113726EE00CB120C /* NSMMacros.h */ = {isa = PBXFileReference; fileEncoding = 4; lastKnownFileType = sourcecode.c.h; path = NSMMacros.h; sourceTree = "<group>"; };
		2CE1FA2F113732A600CB120C /* NSWindow+NSMAdditions.h */ = {isa = PBXFileReference; fileEncoding = 4; lastKnownFileType = sourcecode.c.h; path = "NSWindow+NSMAdditions.h"; sourceTree = "<group>"; };
		2CE1FA30113732A600CB120C /* NSWindow+NSMAdditions.m */ = {isa = PBXFileReference; fileEncoding = 4; lastKnownFileType = sourcecode.c.objc; path = "NSWindow+NSMAdditions.m"; sourceTree = "<group>"; };
		2CE3660F1108B6FD00F582E9 /* ImageAndTextCell.h */ = {isa = PBXFileReference; fileEncoding = 4; lastKnownFileType = sourcecode.c.h; path = ImageAndTextCell.h; sourceTree = "<group>"; };
		2CE366101108B6FD00F582E9 /* ImageAndTextCell.m */ = {isa = PBXFileReference; fileEncoding = 4; lastKnownFileType = sourcecode.c.objc; path = ImageAndTextCell.m; sourceTree = "<group>"; };
		2CEE304A0DD65FC700CC762E /* WebKit.framework */ = {isa = PBXFileReference; lastKnownFileType = wrapper.framework; name = WebKit.framework; path = /System/Library/Frameworks/WebKit.framework; sourceTree = "<absolute>"; };
		2CEE30B80DD6698100CC762E /* NodeClassToIconTransformer.h */ = {isa = PBXFileReference; fileEncoding = 4; lastKnownFileType = sourcecode.c.h; path = NodeClassToIconTransformer.h; sourceTree = "<group>"; };
		2CEE30B90DD6698100CC762E /* NodeClassToIconTransformer.m */ = {isa = PBXFileReference; fileEncoding = 4; lastKnownFileType = sourcecode.c.objc; path = NodeClassToIconTransformer.m; sourceTree = "<group>"; };
		2CEFC3CA0DDF3B3100F92DC6 /* FHVAppDelegate.h */ = {isa = PBXFileReference; fileEncoding = 4; lastKnownFileType = sourcecode.c.h; path = FHVAppDelegate.h; sourceTree = "<group>"; };
		2CEFC3CB0DDF3B3100F92DC6 /* FHVAppDelegate.m */ = {isa = PBXFileReference; fileEncoding = 4; lastKnownFileType = sourcecode.c.objc; path = FHVAppDelegate.m; sourceTree = "<group>"; };
		2CF55D480DD6FFAC00FB13C7 /* FHVClassDetailParser.h */ = {isa = PBXFileReference; fileEncoding = 4; lastKnownFileType = sourcecode.c.h; path = FHVClassDetailParser.h; sourceTree = "<group>"; };
		2CF55D490DD6FFAC00FB13C7 /* FHVClassDetailParser.m */ = {isa = PBXFileReference; fileEncoding = 4; lastKnownFileType = sourcecode.c.objc; path = FHVClassDetailParser.m; sourceTree = "<group>"; };
		2CF5FB840DD5BCB40049C53D /* FHVDocParser.h */ = {isa = PBXFileReference; fileEncoding = 4; lastKnownFileType = sourcecode.c.h; path = FHVDocParser.h; sourceTree = "<group>"; };
		2CF5FB850DD5BCB40049C53D /* FHVDocParser.m */ = {isa = PBXFileReference; fileEncoding = 4; lastKnownFileType = sourcecode.c.objc; path = FHVDocParser.m; sourceTree = "<group>"; };
		2CF5FB8C0DD5C3780049C53D /* FHVPackageDetailParser.h */ = {isa = PBXFileReference; fileEncoding = 4; lastKnownFileType = sourcecode.c.h; path = FHVPackageDetailParser.h; sourceTree = "<group>"; };
		2CF5FB8D0DD5C3780049C53D /* FHVPackageDetailParser.m */ = {isa = PBXFileReference; fileEncoding = 4; lastKnownFileType = sourcecode.c.objc; path = FHVPackageDetailParser.m; sourceTree = "<group>"; };
		2CFCB4500DD4F4FB0090049E /* FHVPackageSummaryParser.h */ = {isa = PBXFileReference; fileEncoding = 4; lastKnownFileType = sourcecode.c.h; path = FHVPackageSummaryParser.h; sourceTree = "<group>"; };
		2CFCB4510DD4F4FB0090049E /* FHVPackageSummaryParser.m */ = {isa = PBXFileReference; fileEncoding = 4; lastKnownFileType = sourcecode.c.objc; path = FHVPackageSummaryParser.m; sourceTree = "<group>"; };
		2CFCB7BC0DD52CDA0090049E /* FHVAbstractXMLTreeParser.h */ = {isa = PBXFileReference; fileEncoding = 4; lastKnownFileType = sourcecode.c.h; path = FHVAbstractXMLTreeParser.h; sourceTree = "<group>"; };
		2CFCB7BD0DD52CDA0090049E /* FHVAbstractXMLTreeParser.m */ = {isa = PBXFileReference; fileEncoding = 4; lastKnownFileType = sourcecode.c.objc; path = FHVAbstractXMLTreeParser.m; sourceTree = "<group>"; };
		32CA4F630368D1EE00C91783 /* EarthDoc_Prefix.pch */ = {isa = PBXFileReference; fileEncoding = 4; lastKnownFileType = sourcecode.c.h; path = EarthDoc_Prefix.pch; sourceTree = "<group>"; };
		8D1107310486CEB800E47090 /* Info.plist */ = {isa = PBXFileReference; fileEncoding = 4; lastKnownFileType = text.plist.xml; path = Info.plist; sourceTree = "<group>"; };
		8D1107320486CEB800E47090 /* EarthDoc.app */ = {isa = PBXFileReference; explicitFileType = wrapper.application; includeInIndex = 0; path = EarthDoc.app; sourceTree = BUILT_PRODUCTS_DIR; };
/* End PBXFileReference section */

/* Begin PBXFrameworksBuildPhase section */
		8D11072E0486CEB800E47090 /* Frameworks */ = {
			isa = PBXFrameworksBuildPhase;
			buildActionMask = 2147483647;
			files = (
				8D11072F0486CEB800E47090 /* Cocoa.framework in Frameworks */,
				2CEE304B0DD65FC700CC762E /* WebKit.framework in Frameworks */,
				2C2E10A41103D4A00037769E /* libsqlite3.dylib in Frameworks */,
				2C5EB63C110E56E700BE8F30 /* BWToolkitFramework.framework in Frameworks */,
				2C98287F113D8B9D00D97695 /* Sparkle.framework in Frameworks */,
				2C2EF8C71142A8120020A08C /* libicucore.dylib in Frameworks */,
				2C2EFA1A1142E5930020A08C /* YAJL.framework in Frameworks */,
			);
			runOnlyForDeploymentPostprocessing = 0;
		};
/* End PBXFrameworksBuildPhase section */

/* Begin PBXGroup section */
		080E96DDFE201D6D7F000001 /* Source */ = {
			isa = PBXGroup;
			children = (
				2CEFC3C90DDF3B2100F92DC6 /* app */,
				2CFCB44F0DD4F4FB0090049E /* parser */,
				2CEE30B70DD6696E00CC762E /* util */,
				2CC3919110B7743E00C35BD8 /* categories */,
				2C8583B31135A58400D58B15 /* FHVConstants.h */,
				2C8583C81135A80E00D58B15 /* FHVConstants.m */,
			);
			name = Source;
			path = source;
			sourceTree = "<group>";
		};
		1058C7A0FEA54F0111CA2CBB /* Linked Frameworks */ = {
			isa = PBXGroup;
			children = (
				2C98287E113D8B9D00D97695 /* Sparkle.framework */,
				2C2E10A31103D4A00037769E /* libsqlite3.dylib */,
				2CEE304A0DD65FC700CC762E /* WebKit.framework */,
				1058C7A1FEA54F0111CA2CBB /* Cocoa.framework */,
				2C5EB63B110E56E700BE8F30 /* BWToolkitFramework.framework */,
				2C2EF8C61142A8120020A08C /* libicucore.dylib */,
				2C2EFA191142E5930020A08C /* YAJL.framework */,
			);
			name = "Linked Frameworks";
			sourceTree = "<group>";
		};
		1058C7A2FEA54F0111CA2CBB /* Other Frameworks */ = {
			isa = PBXGroup;
			children = (
				29B97324FDCFA39411CA2CEA /* AppKit.framework */,
				13E42FB307B3F0F600E4EEF1 /* CoreData.framework */,
				29B97325FDCFA39411CA2CEA /* Foundation.framework */,
			);
			name = "Other Frameworks";
			sourceTree = "<group>";
		};
		19C28FACFE9D520D11CA2CBB /* Products */ = {
			isa = PBXGroup;
			children = (
				8D1107320486CEB800E47090 /* EarthDoc.app */,
			);
			name = Products;
			sourceTree = "<group>";
		};
		29B97314FDCFA39411CA2CEA /* FlexHelpViewer */ = {
			isa = PBXGroup;
			children = (
				080E96DDFE201D6D7F000001 /* Source */,
				2CB33D37110B3ADC00A7C238 /* Libraries */,
				29B97315FDCFA39411CA2CEA /* Other Sources */,
				29B97317FDCFA39411CA2CEA /* Resources */,
				29B97323FDCFA39411CA2CEA /* Frameworks */,
				19C28FACFE9D520D11CA2CBB /* Products */,
			);
			name = FlexHelpViewer;
			sourceTree = "<group>";
		};
		29B97315FDCFA39411CA2CEA /* Other Sources */ = {
			isa = PBXGroup;
			children = (
				32CA4F630368D1EE00C91783 /* EarthDoc_Prefix.pch */,
				29B97316FDCFA39411CA2CEA /* main.m */,
			);
			name = "Other Sources";
			sourceTree = "<group>";
		};
		29B97317FDCFA39411CA2CEA /* Resources */ = {
			isa = PBXGroup;
			children = (
				2C2EFA931142F0590020A08C /* error.png */,
				2CBDCDCC113EE6B700FB4C23 /* UpdatePreferences.xib */,
				2C9828B0113D8BE900D97695 /* dsa_pub.pem */,
				2C63E8DE1118829900B5E938 /* ImportWindow.xib */,
				2CCFC17E110500590019F014 /* schema.sql */,
				2CEE309F0DD668D300CC762E /* assets */,
				8D1107310486CEB800E47090 /* Info.plist */,
				089C165CFE840E0CC02AAC07 /* InfoPlist.strings */,
				29B97318FDCFA39411CA2CEA /* MainMenu.nib */,
				2C91025C11065A100031698D /* MainWindow.xib */,
				2C494B9F1139DE6C009DB736 /* index.sql */,
			);
			name = Resources;
			sourceTree = "<group>";
		};
		29B97323FDCFA39411CA2CEA /* Frameworks */ = {
			isa = PBXGroup;
			children = (
				1058C7A0FEA54F0111CA2CBB /* Linked Frameworks */,
				1058C7A2FEA54F0111CA2CBB /* Other Frameworks */,
			);
			name = Frameworks;
			sourceTree = "<group>";
		};
		2C2EF8B11142A74E0020A08C /* RegExKitLite */ = {
			isa = PBXGroup;
			children = (
				2C2EF8B21142A74E0020A08C /* RegexKitLite.h */,
				2C2EF8B31142A74E0020A08C /* RegexKitLite.m */,
			);
			path = RegExKitLite;
			sourceTree = "<group>";
		};
		2C2EFA981142F1400020A08C /* Import Window */ = {
			isa = PBXGroup;
			children = (
				2C63E8CF11184EC800B5E938 /* FHVImportWindowController.h */,
				2C63E8D011184EC800B5E938 /* FHVImportWindowController.m */,
				2C2EFABD1142F71C0020A08C /* Picker Controllers */,
			);
			name = "Import Window";
			sourceTree = "<group>";
		};
		2C2EFABD1142F71C0020A08C /* Picker Controllers */ = {
			isa = PBXGroup;
			children = (
				2C2EFA991142F16B0020A08C /* FHVAbstractImportPickerViewController.h */,
				2C2EFA9A1142F16B0020A08C /* FHVAbstractImportPickerViewController.m */,
				2C2EFA9F1142F3B30020A08C /* FHVLocalImportPickerViewController.h */,
				2C2EFAA01142F3B30020A08C /* FHVLocalImportPickerViewController.m */,
				2C2EFAB71142F63E0020A08C /* FHVRemoteImportPickerViewController.h */,
				2C2EFAB81142F63E0020A08C /* FHVRemoteImportPickerViewController.m */,
				2C2EFABA1142F6B20020A08C /* FHVPresetsImportPickerViewController.h */,
				2C2EFABB1142F6B20020A08C /* FHVPresetsImportPickerViewController.m */,
			);
			name = "Picker Controllers";
			sourceTree = "<group>";
		};
		2C85836111359D6F00D58B15 /* NSMUtils */ = {
			isa = PBXGroup;
			children = (
				2CE1F991113726EE00CB120C /* NSMMacros.h */,
				2CBDCDD0113EE71300FB4C23 /* NSMPreferencesWindowController.h */,
				2CBDCDD1113EE71300FB4C23 /* NSMPreferencesWindowController.m */,
				2C2EFA081142E4B80020A08C /* NSMURLConnection.h */,
				2C2EFA091142E4B80020A08C /* NSMURLConnection.m */,
				2C8584A71135C36900D58B15 /* NSFileManager+NSMAdditions.h */,
				2C8584A81135C36900D58B15 /* NSFileManager+NSMAdditions.m */,
				2C8584A91135C36900D58B15 /* NSNumber+NSMAdditions.h */,
				2C8584AA1135C36900D58B15 /* NSNumber+NSMAdditions.m */,
				2C8584AB1135C36900D58B15 /* NSString+NSMAdditions.h */,
				2C8584AC1135C36900D58B15 /* NSString+NSMAdditions.m */,
				2CE1FA2F113732A600CB120C /* NSWindow+NSMAdditions.h */,
				2CE1FA30113732A600CB120C /* NSWindow+NSMAdditions.m */,
				2C469B25113983EA0006E742 /* NSTreeController+NSMAdditions.h */,
				2C469B26113983EB0006E742 /* NSTreeController+NSMAdditions.m */,
				2C494CE5113A0192009DB736 /* NSIndexPath+NSMAdditions.h */,
				2C494CE6113A0192009DB736 /* NSIndexPath+NSMAdditions.m */,
				2CBDCDBF113EE63700FB4C23 /* NSDate+NSMAdditions.h */,
				2CBDCDC0113EE63700FB4C23 /* NSDate+NSMAdditions.m */,
			);
			path = NSMUtils;
			sourceTree = "<group>";
		};
		2CB33D37110B3ADC00A7C238 /* Libraries */ = {
			isa = PBXGroup;
			children = (
				2C2EF8B11142A74E0020A08C /* RegExKitLite */,
				2CB33D38110B3ADC00A7C238 /* Filterbar */,
				2C85836111359D6F00D58B15 /* NSMUtils */,
			);
			path = Libraries;
			sourceTree = "<group>";
		};
		2CB33D38110B3ADC00A7C238 /* Filterbar */ = {
			isa = PBXGroup;
			children = (
				2CB33D39110B3ADC00A7C238 /* Filterbar.h */,
				2CB33D3A110B3ADC00A7C238 /* Filterbar.m */,
				2CB33D3B110B3ADC00A7C238 /* FilterbarDelegate.h */,
				2CB33D3C110B3ADC00A7C238 /* FilterbarGroup.h */,
				2CB33D3D110B3ADC00A7C238 /* FilterbarGroup.m */,
				2CB33D3E110B3ADC00A7C238 /* FilterbarGroupItem.h */,
				2CB33D3F110B3ADC00A7C238 /* FilterbarGroupItem.m */,
			);
			path = Filterbar;
			sourceTree = "<group>";
		};
		2CC3919110B7743E00C35BD8 /* categories */ = {
			isa = PBXGroup;
			children = (
				2C1987AB1101F4E000C3A1BD /* NSString+FHVUtils.h */,
				2C1987AC1101F4E000C3A1BD /* NSString+FHVUtils.m */,
				2C2DA4A011441235007DD313 /* NSURL+FHVUtils.h */,
				2C2DA4A111441235007DD313 /* NSURL+FHVUtils.m */,
			);
			name = categories;
			sourceTree = "<group>";
		};
		2CEE309F0DD668D300CC762E /* assets */ = {
			isa = PBXGroup;
			children = (
				2CBDCDE3113EE7C100FB4C23 /* reload.tiff */,
				2CEE30A00DD668D300CC762E /* icons */,
				2C53671210B9BC9500D9C0E4 /* styles.css */,
				2C53671710B9BD7600D9C0E4 /* class.html */,
			);
			path = assets;
			sourceTree = "<group>";
		};
		2CEE30A00DD668D300CC762E /* icons */ = {
			isa = PBXGroup;
			children = (
				2C85E6A31107E585001920A7 /* class.png */,
				2C85E6A41107E585001920A7 /* constant.png */,
				2C85E6A51107E585001920A7 /* event.png */,
				2C85E6A61107E585001920A7 /* function.png */,
				2C85E6A71107E585001920A7 /* interface.png */,
				2C85E6A81107E585001920A7 /* package.png */,
				2C85E6A91107E585001920A7 /* property.png */,
				2C85E66B1107E19F001920A7 /* method.png */,
				2C7E38A010BA1148005B403B /* h2_background.gif */,
				2C53676410B9C38300D9C0E4 /* inherit-arrow.gif */,
			);
			path = icons;
			sourceTree = "<group>";
		};
		2CEE30B70DD6696E00CC762E /* util */ = {
			isa = PBXGroup;
			children = (
				2C066F9C111752AC00AB755C /* DropView.h */,
				2C066F9D111752AC00AB755C /* DropView.m */,
				2CE3660F1108B6FD00F582E9 /* ImageAndTextCell.h */,
				2CE366101108B6FD00F582E9 /* ImageAndTextCell.m */,
				2C6D218B10BC97B3004A6A12 /* HeadlineCell.h */,
				2C6D218C10BC97B3004A6A12 /* HeadlineCell.m */,
				2C53681010B9D14600D9C0E4 /* RSVerticallyCenteredTextFieldCell.h */,
				2C53681110B9D14600D9C0E4 /* RSVerticallyCenteredTextFieldCell.m */,
				2CEE30B80DD6698100CC762E /* NodeClassToIconTransformer.h */,
				2CEE30B90DD6698100CC762E /* NodeClassToIconTransformer.m */,
				2C6D221E10BCA4F0004A6A12 /* MultiCellTableColumn.h */,
				2C6D221F10BCA4F0004A6A12 /* MultiCellTableColumn.m */,
				2C64D50A11028577008D90E0 /* utils.h */,
				2C64D50B11028577008D90E0 /* utils.m */,
				2CAE7DF4110A149700D5767F /* FHVNiceIndentationOutlineView.h */,
				2CAE7DF5110A149700D5767F /* FHVNiceIndentationOutlineView.m */,
			);
			path = util;
			sourceTree = "<group>";
		};
		2CEFC3C90DDF3B2100F92DC6 /* app */ = {
			isa = PBXGroup;
			children = (
				2CEFC3CA0DDF3B3100F92DC6 /* FHVAppDelegate.h */,
				2CEFC3CB0DDF3B3100F92DC6 /* FHVAppDelegate.m */,
				2C910163110646790031698D /* FHVDocSet.h */,
				2C910164110646790031698D /* FHVDocSet.m */,
				2C910257110659C60031698D /* FHVMainWindowController.h */,
				2C910258110659C60031698D /* FHVMainWindowController.m */,
				2C9102CF110664F90031698D /* FHVDocSetModel.h */,
				2C9102D0110664F90031698D /* FHVDocSetModel.m */,
				2CAE7E81110A2FFF00D5767F /* FHVSearchWorker.h */,
				2CAE7E82110A2FFF00D5767F /* FHVSearchWorker.m */,
				2CBDCDAF113EE5C800FB4C23 /* FHVUpdatePreferencesViewController.h */,
				2CBDCDB0113EE5C800FB4C23 /* FHVUpdatePreferencesViewController.m */,
				2C2EFA981142F1400020A08C /* Import Window */,
			);
			path = app;
			sourceTree = "<group>";
		};
		2CFCB44F0DD4F4FB0090049E /* parser */ = {
			isa = PBXGroup;
			children = (
				2CF5FB840DD5BCB40049C53D /* FHVDocParser.h */,
				2CF5FB850DD5BCB40049C53D /* FHVDocParser.m */,
				2CFCB7BC0DD52CDA0090049E /* FHVAbstractXMLTreeParser.h */,
				2CFCB7BD0DD52CDA0090049E /* FHVAbstractXMLTreeParser.m */,
				2CFCB4500DD4F4FB0090049E /* FHVPackageSummaryParser.h */,
				2CFCB4510DD4F4FB0090049E /* FHVPackageSummaryParser.m */,
				2CF5FB8C0DD5C3780049C53D /* FHVPackageDetailParser.h */,
				2CF5FB8D0DD5C3780049C53D /* FHVPackageDetailParser.m */,
				2CF55D480DD6FFAC00FB13C7 /* FHVClassDetailParser.h */,
				2CF55D490DD6FFAC00FB13C7 /* FHVClassDetailParser.m */,
				2C38EFB41100D73E00B04E4E /* FHVClassParserOperation.h */,
				2C38EFB51100D73E00B04E4E /* FHVClassParserOperation.m */,
				2C1987821101F1FC00C3A1BD /* FHVImportContext.h */,
				2C1987831101F1FC00C3A1BD /* FHVImportContext.m */,
				2CCFC1B0110512990019F014 /* FHVSQLiteImporter.h */,
				2CCFC1B1110512990019F014 /* FHVSQLiteImporter.m */,
			);
			path = parser;
			sourceTree = "<group>";
		};
/* End PBXGroup section */

/* Begin PBXNativeTarget section */
		8D1107260486CEB800E47090 /* EarthDoc */ = {
			isa = PBXNativeTarget;
			buildConfigurationList = C01FCF4A08A954540054247B /* Build configuration list for PBXNativeTarget "EarthDoc" */;
			buildPhases = (
				8D1107290486CEB800E47090 /* Resources */,
				8D11072C0486CEB800E47090 /* Sources */,
				8D11072E0486CEB800E47090 /* Frameworks */,
				2C5EB659110E571B00BE8F30 /* CopyFiles */,
			);
			buildRules = (
			);
			dependencies = (
			);
			name = EarthDoc;
			productInstallPath = "$(HOME)/Applications";
			productName = FlexHelpViewer;
			productReference = 8D1107320486CEB800E47090 /* EarthDoc.app */;
			productType = "com.apple.product-type.application";
		};
/* End PBXNativeTarget section */

/* Begin PBXProject section */
		29B97313FDCFA39411CA2CEA /* Project object */ = {
			isa = PBXProject;
			buildConfigurationList = C01FCF4E08A954540054247B /* Build configuration list for PBXProject "EarthDoc" */;
			compatibilityVersion = "Xcode 3.1";
			hasScannedForEncodings = 1;
			mainGroup = 29B97314FDCFA39411CA2CEA /* FlexHelpViewer */;
			projectDirPath = "";
			projectRoot = "";
			targets = (
				8D1107260486CEB800E47090 /* EarthDoc */,
			);
		};
/* End PBXProject section */

/* Begin PBXResourcesBuildPhase section */
		8D1107290486CEB800E47090 /* Resources */ = {
			isa = PBXResourcesBuildPhase;
			buildActionMask = 2147483647;
			files = (
				8D11072A0486CEB800E47090 /* MainMenu.nib in Resources */,
				8D11072B0486CEB800E47090 /* InfoPlist.strings in Resources */,
				2C53671310B9BC9500D9C0E4 /* styles.css in Resources */,
				2C53671810B9BD7600D9C0E4 /* class.html in Resources */,
				2C53676510B9C38300D9C0E4 /* inherit-arrow.gif in Resources */,
				2C7E38A110BA1148005B403B /* h2_background.gif in Resources */,
				2CCFC17F110500590019F014 /* schema.sql in Resources */,
				2C494BB31139E0A3009DB736 /* index.sql in Resources */,
				2C91025E11065A100031698D /* MainWindow.xib in Resources */,
				2C85E66C1107E19F001920A7 /* method.png in Resources */,
				2C85E6AA1107E585001920A7 /* class.png in Resources */,
				2C85E6AB1107E585001920A7 /* constant.png in Resources */,
				2C85E6AC1107E585001920A7 /* event.png in Resources */,
				2C85E6AD1107E585001920A7 /* function.png in Resources */,
				2C85E6AE1107E585001920A7 /* interface.png in Resources */,
				2C85E6AF1107E585001920A7 /* package.png in Resources */,
				2C85E6B01107E585001920A7 /* property.png in Resources */,
				2C63E8E01118829900B5E938 /* ImportWindow.xib in Resources */,
				2C9828B1113D8BE900D97695 /* dsa_pub.pem in Resources */,
				2CBDCDCE113EE6B700FB4C23 /* UpdatePreferences.xib in Resources */,
				2CBDCDE4113EE7C100FB4C23 /* reload.tiff in Resources */,
				2C2EFA941142F0590020A08C /* error.png in Resources */,
			);
			runOnlyForDeploymentPostprocessing = 0;
		};
/* End PBXResourcesBuildPhase section */

/* Begin PBXSourcesBuildPhase section */
		8D11072C0486CEB800E47090 /* Sources */ = {
			isa = PBXSourcesBuildPhase;
			buildActionMask = 2147483647;
			files = (
				8D11072D0486CEB800E47090 /* main.m in Sources */,
				2CFCB7BE0DD52CDA0090049E /* FHVAbstractXMLTreeParser.m in Sources */,
				2CF5FB860DD5BCB40049C53D /* FHVDocParser.m in Sources */,
				2CEE30BA0DD6698100CC762E /* NodeClassToIconTransformer.m in Sources */,
				2CEFC3CC0DDF3B3100F92DC6 /* FHVAppDelegate.m in Sources */,
				2C53681210B9D14600D9C0E4 /* RSVerticallyCenteredTextFieldCell.m in Sources */,
				2C6D218D10BC97B3004A6A12 /* HeadlineCell.m in Sources */,
				2C6D222010BCA4F0004A6A12 /* MultiCellTableColumn.m in Sources */,
				2C8DC60E10FFF5D000DA41C9 /* FHVPackageSummaryParser.m in Sources */,
				2C38EEA71100A36E00B04E4E /* FHVPackageDetailParser.m in Sources */,
				2C38EEE81100AC5700B04E4E /* FHVClassDetailParser.m in Sources */,
				2C38EFB61100D73E00B04E4E /* FHVClassParserOperation.m in Sources */,
				2C1987841101F1FC00C3A1BD /* FHVImportContext.m in Sources */,
				2C1987AD1101F4E000C3A1BD /* NSString+FHVUtils.m in Sources */,
				2C64D50C11028577008D90E0 /* utils.m in Sources */,
				2CCFC1B2110512990019F014 /* FHVSQLiteImporter.m in Sources */,
				2C910165110646790031698D /* FHVDocSet.m in Sources */,
				2C910259110659C60031698D /* FHVMainWindowController.m in Sources */,
				2C9102D1110664F90031698D /* FHVDocSetModel.m in Sources */,
				2CE366111108B6FD00F582E9 /* ImageAndTextCell.m in Sources */,
				2CAE7DF6110A149700D5767F /* FHVNiceIndentationOutlineView.m in Sources */,
				2CAE7E83110A2FFF00D5767F /* FHVSearchWorker.m in Sources */,
				2CB33D40110B3ADC00A7C238 /* Filterbar.m in Sources */,
				2CB33D41110B3ADC00A7C238 /* FilterbarGroup.m in Sources */,
				2CB33D42110B3ADC00A7C238 /* FilterbarGroupItem.m in Sources */,
				2C066F9E111752AC00AB755C /* DropView.m in Sources */,
				2C63E8D111184EC800B5E938 /* FHVImportWindowController.m in Sources */,
				2C8583C91135A80E00D58B15 /* FHVConstants.m in Sources */,
				2C8584AD1135C36900D58B15 /* NSFileManager+NSMAdditions.m in Sources */,
				2C8584AE1135C36900D58B15 /* NSNumber+NSMAdditions.m in Sources */,
				2C8584AF1135C36900D58B15 /* NSString+NSMAdditions.m in Sources */,
				2CE1FA31113732A600CB120C /* NSWindow+NSMAdditions.m in Sources */,
				2C469B27113983EB0006E742 /* NSTreeController+NSMAdditions.m in Sources */,
				2C494CE7113A0192009DB736 /* NSIndexPath+NSMAdditions.m in Sources */,
				2CBDCDB1113EE5C800FB4C23 /* FHVUpdatePreferencesViewController.m in Sources */,
				2CBDCDC1113EE63700FB4C23 /* NSDate+NSMAdditions.m in Sources */,
				2CBDCDD2113EE71300FB4C23 /* NSMPreferencesWindowController.m in Sources */,
				2C2EF8B41142A74E0020A08C /* RegexKitLite.m in Sources */,
				2C2EFA0A1142E4B80020A08C /* NSMURLConnection.m in Sources */,
				2C2EFA9B1142F16B0020A08C /* FHVAbstractImportPickerViewController.m in Sources */,
				2C2EFAA11142F3B30020A08C /* FHVLocalImportPickerViewController.m in Sources */,
				2C2EFAB91142F63E0020A08C /* FHVRemoteImportPickerViewController.m in Sources */,
				2C2EFABC1142F6B20020A08C /* FHVPresetsImportPickerViewController.m in Sources */,
				2C2DA4A211441235007DD313 /* NSURL+FHVUtils.m in Sources */,
			);
			runOnlyForDeploymentPostprocessing = 0;
		};
/* End PBXSourcesBuildPhase section */

/* Begin PBXVariantGroup section */
		089C165CFE840E0CC02AAC07 /* InfoPlist.strings */ = {
			isa = PBXVariantGroup;
			children = (
				089C165DFE840E0CC02AAC07 /* English */,
			);
			name = InfoPlist.strings;
			sourceTree = "<group>";
		};
		29B97318FDCFA39411CA2CEA /* MainMenu.nib */ = {
			isa = PBXVariantGroup;
			children = (
				29B97319FDCFA39411CA2CEA /* English */,
			);
			name = MainMenu.nib;
			sourceTree = "<group>";
		};
		2C63E8DE1118829900B5E938 /* ImportWindow.xib */ = {
			isa = PBXVariantGroup;
			children = (
				2C63E8DF1118829900B5E938 /* English */,
			);
			name = ImportWindow.xib;
			sourceTree = "<group>";
		};
		2C91025C11065A100031698D /* MainWindow.xib */ = {
			isa = PBXVariantGroup;
			children = (
				2C91025D11065A100031698D /* English */,
			);
			name = MainWindow.xib;
			sourceTree = "<group>";
		};
		2CBDCDCC113EE6B700FB4C23 /* UpdatePreferences.xib */ = {
			isa = PBXVariantGroup;
			children = (
				2CBDCDCD113EE6B700FB4C23 /* English */,
			);
			name = UpdatePreferences.xib;
			sourceTree = "<group>";
		};
/* End PBXVariantGroup section */

/* Begin XCBuildConfiguration section */
		C01FCF4B08A954540054247B /* Debug */ = {
			isa = XCBuildConfiguration;
			buildSettings = {
				COPY_PHASE_STRIP = NO;
				FRAMEWORK_SEARCH_PATHS = (
					"$(inherited)",
					"\"$(SRCROOT)/../../../../Library/Frameworks\"",
					"\"$(SRCROOT)/Frameworks\"",
				);
				GCC_DYNAMIC_NO_PIC = NO;
				GCC_ENABLE_FIX_AND_CONTINUE = YES;
				GCC_MODEL_TUNING = G5;
				GCC_OPTIMIZATION_LEVEL = 0;
				GCC_PRECOMPILE_PREFIX_HEADER = YES;
				GCC_PREFIX_HEADER = EarthDoc_Prefix.pch;
				INFOPLIST_FILE = Info.plist;
				INSTALL_PATH = "$(HOME)/Applications";
				PRODUCT_NAME = EarthDoc;
			};
			name = Debug;
		};
		C01FCF4C08A954540054247B /* Release */ = {
			isa = XCBuildConfiguration;
			buildSettings = {
				ALWAYS_SEARCH_USER_PATHS = NO;
				DEBUG_INFORMATION_FORMAT = "dwarf-with-dsym";
				FRAMEWORK_SEARCH_PATHS = (
					"$(inherited)",
					"\"$(SRCROOT)/../../../../Library/Frameworks\"",
					"\"$(SRCROOT)/Frameworks\"",
				);
				GCC_MODEL_TUNING = G5;
				GCC_PRECOMPILE_PREFIX_HEADER = YES;
				GCC_PREFIX_HEADER = EarthDoc_Prefix.pch;
				INFOPLIST_FILE = Info.plist;
				INSTALL_PATH = "$(HOME)/Applications";
				PRODUCT_NAME = EarthDoc;
			};
			name = Release;
		};
		C01FCF4F08A954540054247B /* Debug */ = {
			isa = XCBuildConfiguration;
			buildSettings = {
				ALWAYS_SEARCH_USER_PATHS = NO;
				ARCHS = "$(ARCHS_STANDARD_32_BIT)";
				CURRENT_PROJECT_VERSION = 1;
				GCC_C_LANGUAGE_STANDARD = c99;
				GCC_OPTIMIZATION_LEVEL = 0;
				GCC_TREAT_WARNINGS_AS_ERRORS = YES;
				GCC_WARN_ABOUT_RETURN_TYPE = YES;
				GCC_WARN_UNUSED_VARIABLE = YES;
				LD_RUNPATH_SEARCH_PATHS = "@loader_path/../Frameworks";
				ONLY_ACTIVE_ARCH = YES;
				OTHER_CFLAGS = "-DDEBUG";
				PREBINDING = NO;
				SDKROOT = macosx10.6;
				VERSIONING_SYSTEM = "apple-generic";
			};
			name = Debug;
		};
		C01FCF5008A954540054247B /* Release */ = {
			isa = XCBuildConfiguration;
			buildSettings = {
				ALWAYS_SEARCH_USER_PATHS = NO;
				ARCHS = "$(ARCHS_STANDARD_32_BIT)";
				CURRENT_PROJECT_VERSION = 1;
				GCC_C_LANGUAGE_STANDARD = c99;
				GCC_TREAT_WARNINGS_AS_ERRORS = YES;
				GCC_WARN_ABOUT_RETURN_TYPE = YES;
				GCC_WARN_UNUSED_VARIABLE = YES;
				LD_RUNPATH_SEARCH_PATHS = "@loader_path/../Frameworks";
				PREBINDING = NO;
				SDKROOT = macosx10.6;
				VERSIONING_SYSTEM = "apple-generic";
			};
			name = Release;
		};
/* End XCBuildConfiguration section */

/* Begin XCConfigurationList section */
		C01FCF4A08A954540054247B /* Build configuration list for PBXNativeTarget "EarthDoc" */ = {
			isa = XCConfigurationList;
			buildConfigurations = (
				C01FCF4B08A954540054247B /* Debug */,
				C01FCF4C08A954540054247B /* Release */,
			);
			defaultConfigurationIsVisible = 0;
			defaultConfigurationName = Release;
		};
		C01FCF4E08A954540054247B /* Build configuration list for PBXProject "EarthDoc" */ = {
			isa = XCConfigurationList;
			buildConfigurations = (
				C01FCF4F08A954540054247B /* Debug */,
				C01FCF5008A954540054247B /* Release */,
			);
			defaultConfigurationIsVisible = 0;
			defaultConfigurationName = Release;
		};
/* End XCConfigurationList section */
	};
	rootObject = 29B97313FDCFA39411CA2CEA /* Project object */;
}
